
Microsoft Visual Studio Solution File, Format Version 12.00
# Visual Studio Version 16
VisualStudioVersion = 16.0.29920.165
MinimumVisualStudioVersion = 10.0.40219.1
Project("{FAE04EC0-301F-11D3-BF4B-00C04F79EFBC}") = "Two-C-Two-P.Web", "Two-C-Two-P.Web\Two-C-Two-P.Web.csproj", "{658A421F-9518-4A5D-AE09-78C18BECDABE}"
EndProject
Global
	GlobalSection(SolutionConfigurationPlatforms) = preSolution
		Debug|Any CPU = Debug|Any CPU
		Release|Any CPU = Release|Any CPU
	EndGlobalSection
	GlobalSection(ProjectConfigurationPlatforms) = postSolution
		{658A421F-9518-4A5D-AE09-78C18BECDABE}.Debug|Any CPU.ActiveCfg = Debug|Any CPU
		{658A421F-9518-4A5D-AE09-78C18BECDABE}.Debug|Any CPU.Build.0 = Debug|Any CPU
		{658A421F-9518-4A5D-AE09-78C18BECDABE}.Release|Any CPU.ActiveCfg = Release|Any CPU
		{658A421F-9518-4A5D-AE09-78C18BECDABE}.Release|Any CPU.Build.0 = Release|Any CPU
	EndGlobalSection
	GlobalSection(SolutionProperties) = preSolution
		HideSolutionNode = FALSE
	EndGlobalSection
	GlobalSection(ExtensibilityGlobals) = postSolution
		SolutionGuid = {09809942-B1F8-42A3-8E7D-B26A52B14D66}
	EndGlobalSection
EndGlobal
